
Microsoft Visual Studio Solution File, Format Version 12.00
# Visual Studio Version 16
VisualStudioVersion = 16.0.29721.120
MinimumVisualStudioVersion = 10.0.40219.1
Project("{9A19103F-16F7-4668-BE54-9A1E7A4F7556}") = "Replaceator", "Replaceator\Replaceator.csproj", "{F2538A57-374E-408B-9999-489900137BBD}"
EndProject
Global
	GlobalSection(SolutionConfigurationPlatforms) = preSolution
		Debug|Any CPU = Debug|Any CPU
		Release|Any CPU = Release|Any CPU
	EndGlobalSection
	GlobalSection(ProjectConfigurationPlatforms) = postSolution
		{F2538A57-374E-408B-9999-489900137BBD}.Debug|Any CPU.ActiveCfg = Debug|Any CPU
		{F2538A57-374E-408B-9999-489900137BBD}.Debug|Any CPU.Build.0 = Debug|Any CPU
		{F2538A57-374E-408B-9999-489900137BBD}.Release|Any CPU.ActiveCfg = Release|Any CPU
		{F2538A57-374E-408B-9999-489900137BBD}.Release|Any CPU.Build.0 = Release|Any CPU
	EndGlobalSection
	GlobalSection(SolutionProperties) = preSolution
		HideSolutionNode = FALSE
	EndGlobalSection
	GlobalSection(ExtensibilityGlobals) = postSolution
		SolutionGuid = {52EB7BB6-D68D-48BA-92F0-27B1E80441CF}
	EndGlobalSection
EndGlobal
